
Microsoft Visual Studio Solution File, Format Version 12.00
# Visual Studio Version 17
VisualStudioVersion = 17.3.32825.248
MinimumVisualStudioVersion = 10.0.40219.1
Project("{FAE04EC0-301F-11D3-BF4B-00C04F79EFBC}") = "DemoJWT", "DemoJWT\DemoJWT.csproj", "{A809C2DF-A101-4C7A-A293-94D86FA894B9}"
EndProject
Project("{FAE04EC0-301F-11D3-BF4B-00C04F79EFBC}") = "DemoShared", "DemoShared\DemoShared.csproj", "{0444DEB1-9AD5-4AD6-972B-682A1D8C50A2}"
EndProject
Project("{FAE04EC0-301F-11D3-BF4B-00C04F79EFBC}") = "DemoCustomerSite", "DemoCustomerSite\DemoCustomerSite.csproj", "{FB342E38-0435-4A9C-8D71-A3B201E9DEF6}"
EndProject
Global
	GlobalSection(SolutionConfigurationPlatforms) = preSolution
		Debug|Any CPU = Debug|Any CPU
		Release|Any CPU = Release|Any CPU
	EndGlobalSection
	GlobalSection(ProjectConfigurationPlatforms) = postSolution
		{A809C2DF-A101-4C7A-A293-94D86FA894B9}.Debug|Any CPU.ActiveCfg = Debug|Any CPU
		{A809C2DF-A101-4C7A-A293-94D86FA894B9}.Debug|Any CPU.Build.0 = Debug|Any CPU
		{A809C2DF-A101-4C7A-A293-94D86FA894B9}.Release|Any CPU.ActiveCfg = Release|Any CPU
		{A809C2DF-A101-4C7A-A293-94D86FA894B9}.Release|Any CPU.Build.0 = Release|Any CPU
		{0444DEB1-9AD5-4AD6-972B-682A1D8C50A2}.Debug|Any CPU.ActiveCfg = Debug|Any CPU
		{0444DEB1-9AD5-4AD6-972B-682A1D8C50A2}.Debug|Any CPU.Build.0 = Debug|Any CPU
		{0444DEB1-9AD5-4AD6-972B-682A1D8C50A2}.Release|Any CPU.ActiveCfg = Release|Any CPU
		{0444DEB1-9AD5-4AD6-972B-682A1D8C50A2}.Release|Any CPU.Build.0 = Release|Any CPU
		{FB342E38-0435-4A9C-8D71-A3B201E9DEF6}.Debug|Any CPU.ActiveCfg = Debug|Any CPU
		{FB342E38-0435-4A9C-8D71-A3B201E9DEF6}.Debug|Any CPU.Build.0 = Debug|Any CPU
		{FB342E38-0435-4A9C-8D71-A3B201E9DEF6}.Release|Any CPU.ActiveCfg = Release|Any CPU
		{FB342E38-0435-4A9C-8D71-A3B201E9DEF6}.Release|Any CPU.Build.0 = Release|Any CPU
	EndGlobalSection
	GlobalSection(SolutionProperties) = preSolution
		HideSolutionNode = FALSE
	EndGlobalSection
	GlobalSection(ExtensibilityGlobals) = postSolution
		SolutionGuid = {7F90B94D-CA2C-4B00-BE5F-2B819BAE5825}
	EndGlobalSection
EndGlobal
